
Microsoft Visual Studio Solution File, Format Version 12.00
# Visual Studio Version 16
VisualStudioVersion = 16.0.28803.352
MinimumVisualStudioVersion = 10.0.40219.1
Project("{2150E333-8FDC-42A3-9474-1A3956D46DE8}") = "Lib", "Lib", "{537C220C-259B-4DEE-9556-4B5D3D793A49}"
EndProject
Project("{2150E333-8FDC-42A3-9474-1A3956D46DE8}") = "packages", "packages", "{D90AFDD4-4635-4492-BF85-A923C1FCA7AA}"
EndProject
Project("{2150E333-8FDC-42A3-9474-1A3956D46DE8}") = "LyricsFinder", "LyricsFinder", "{9D8C5AD1-8D02-4E45-9783-AD694B3BAB2F}"
	ProjectSection(SolutionItems) = preProject
		LyricsFinder\ReadMe.txt = LyricsFinder\ReadMe.txt
	EndProjectSection
EndProject
Project("{FAE04EC0-301F-11D3-BF4B-00C04F79EFBC}") = "LyricsFinderExe", "LyricsFinder\LyricsFinderExe\LyricsFinderExe.csproj", "{DB68743B-B68D-42B3-A7AF-D0FEF868003E}"
	ProjectSection(ProjectDependencies) = postProject
		{E5447105-2481-44BD-835E-2C5071D7A23D} = {E5447105-2481-44BD-835E-2C5071D7A23D}
		{E648E10A-E067-4ED3-AAB5-99C7DC589437} = {E648E10A-E067-4ED3-AAB5-99C7DC589437}
		{8554F018-9DD0-4D3D-A66E-39C1935931A4} = {8554F018-9DD0-4D3D-A66E-39C1935931A4}
		{469CD424-9DB1-4AAC-9A30-F1565DC27932} = {469CD424-9DB1-4AAC-9A30-F1565DC27932}
		{2561A23A-EE2E-4861-9607-787AFDE5BB2C} = {2561A23A-EE2E-4861-9607-787AFDE5BB2C}
		{EF9766A5-0C6D-425F-BE2D-3CD51A6720D2} = {EF9766A5-0C6D-425F-BE2D-3CD51A6720D2}
		{4AB4E2BF-2216-43DF-865E-3E3E3B8B37C9} = {4AB4E2BF-2216-43DF-865E-3E3E3B8B37C9}
	EndProjectSection
EndProject
Project("{FAE04EC0-301F-11D3-BF4B-00C04F79EFBC}") = "LyricsFinderCore", "LyricsFinder\LyricsFinderCore\LyricsFinderCore.csproj", "{D91DA58C-6415-43EF-B177-7BA28ACE7E01}"
	ProjectSection(ProjectDependencies) = postProject
		{4AB4E2BF-2216-43DF-865E-3E3E3B8B37C9} = {4AB4E2BF-2216-43DF-865E-3E3E3B8B37C9}
	EndProjectSection
EndProject
Project("{2150E333-8FDC-42A3-9474-1A3956D46DE8}") = "SharedComponents", "SharedComponents", "{2CD38DE1-D147-4D89-B9A3-7A2121B8FCF8}"
EndProject
Project("{2150E333-8FDC-42A3-9474-1A3956D46DE8}") = "Solution Items", "Solution Items", "{DDC44EE3-33FF-4CF4-B583-92930DED4397}"
	ProjectSection(SolutionItems) = preProject
		.gitignore = .gitignore
		LyricsFinder\ReadMe.txt = LyricsFinder\ReadMe.txt
	EndProjectSection
EndProject
Project("{2150E333-8FDC-42A3-9474-1A3956D46DE8}") = "LyricServices", "LyricServices", "{93B38887-18C2-4895-A8FD-D33B95D538D7}"
	ProjectSection(SolutionItems) = preProject
		LyricsFinder\LyricServices\PostBuild.cmd = LyricsFinder\LyricServices\PostBuild.cmd
	EndProjectSection
EndProject
Project("{FAE04EC0-301F-11D3-BF4B-00C04F79EFBC}") = "ChartLyricsService", "LyricsFinder\LyricServices\ChartLyricsService\ChartLyricsService.csproj", "{E5447105-2481-44BD-835E-2C5071D7A23D}"
EndProject
Project("{FAE04EC0-301F-11D3-BF4B-00C04F79EFBC}") = "MusiXmatchService", "LyricsFinder\LyricServices\MusiXmatchService\MusiXmatchService.csproj", "{8554F018-9DD0-4D3D-A66E-39C1935931A4}"
EndProject
Project("{FAE04EC0-301F-11D3-BF4B-00C04F79EFBC}") = "Stands4Service", "LyricsFinder\LyricServices\Stands4Service\Stands4Service.csproj", "{E648E10A-E067-4ED3-AAB5-99C7DC589437}"
EndProject
Project("{FAE04EC0-301F-11D3-BF4B-00C04F79EFBC}") = "LyricsFinderPlugin", "LyricsFinder\LyricsFinderPlugin\LyricsFinderPlugin.csproj", "{D73AD757-AAAB-4941-B0F9-698A990DF6C3}"
	ProjectSection(ProjectDependencies) = postProject
		{E5447105-2481-44BD-835E-2C5071D7A23D} = {E5447105-2481-44BD-835E-2C5071D7A23D}
		{E648E10A-E067-4ED3-AAB5-99C7DC589437} = {E648E10A-E067-4ED3-AAB5-99C7DC589437}
		{8554F018-9DD0-4D3D-A66E-39C1935931A4} = {8554F018-9DD0-4D3D-A66E-39C1935931A4}
		{469CD424-9DB1-4AAC-9A30-F1565DC27932} = {469CD424-9DB1-4AAC-9A30-F1565DC27932}
		{2561A23A-EE2E-4861-9607-787AFDE5BB2C} = {2561A23A-EE2E-4861-9607-787AFDE5BB2C}
		{EF9766A5-0C6D-425F-BE2D-3CD51A6720D2} = {EF9766A5-0C6D-425F-BE2D-3CD51A6720D2}
		{4AB4E2BF-2216-43DF-865E-3E3E3B8B37C9} = {4AB4E2BF-2216-43DF-865E-3E3E3B8B37C9}
	EndProjectSection
EndProject
Project("{FAE04EC0-301F-11D3-BF4B-00C04F79EFBC}") = "Utility", "SharedComponents\Utility\Utility.csproj", "{EF9766A5-0C6D-425F-BE2D-3CD51A6720D2}"
EndProject
Project("{FAE04EC0-301F-11D3-BF4B-00C04F79EFBC}") = "MessageInspection", "SharedComponents\MessageInspection\MessageInspection.csproj", "{4AB4E2BF-2216-43DF-865E-3E3E3B8B37C9}"
EndProject
Project("{FAE04EC0-301F-11D3-BF4B-00C04F79EFBC}") = "ApiseedsService", "LyricsFinder\LyricServices\ApiseedsService\ApiseedsService.csproj", "{469CD424-9DB1-4AAC-9A30-F1565DC27932}"
EndProject
Project("{FAE04EC0-301F-11D3-BF4B-00C04F79EFBC}") = "Documentation", "LyricsFinder\Documentation\Documentation.csproj", "{5722AFB2-CFC2-4832-B6CF-5C89719184EC}"
EndProject
Project("{FAE04EC0-301F-11D3-BF4B-00C04F79EFBC}") = "Installation", "LyricsFinder\Installation\Installation.csproj", "{EB847339-4E66-4CF9-97E4-4F63B01DDED4}"
	ProjectSection(ProjectDependencies) = postProject
		{DB68743B-B68D-42B3-A7AF-D0FEF868003E} = {DB68743B-B68D-42B3-A7AF-D0FEF868003E}
		{D73AD757-AAAB-4941-B0F9-698A990DF6C3} = {D73AD757-AAAB-4941-B0F9-698A990DF6C3}
		{5722AFB2-CFC2-4832-B6CF-5C89719184EC} = {5722AFB2-CFC2-4832-B6CF-5C89719184EC}
	EndProjectSection
EndProject
Project("{FAE04EC0-301F-11D3-BF4B-00C04F79EFBC}") = "AZLyricsService", "LyricsFinder\LyricServices\AZLyricsService\AZLyricsService.csproj", "{2561A23A-EE2E-4861-9607-787AFDE5BB2C}"
EndProject
Project("{FAE04EC0-301F-11D3-BF4B-00C04F79EFBC}") = "McWsProxy", "LyricsFinder\McWsProxy\McWsProxy.csproj", "{9AEF0631-402E-40CC-B077-CF7B325C9F62}"
EndProject
Project("{FAE04EC0-301F-11D3-BF4B-00C04F79EFBC}") = "MjpCreator", "SharedComponents\MjpCreator\MjpCreator.csproj", "{952DAB91-37DC-407D-B9B5-A9824989D622}"
EndProject
Global
	GlobalSection(SolutionConfigurationPlatforms) = preSolution
		Debug|Any CPU = Debug|Any CPU
		Release|Any CPU = Release|Any CPU
	EndGlobalSection
	GlobalSection(ProjectConfigurationPlatforms) = postSolution
		{DB68743B-B68D-42B3-A7AF-D0FEF868003E}.Debug|Any CPU.ActiveCfg = Debug|Any CPU
		{DB68743B-B68D-42B3-A7AF-D0FEF868003E}.Debug|Any CPU.Build.0 = Debug|Any CPU
		{DB68743B-B68D-42B3-A7AF-D0FEF868003E}.Release|Any CPU.ActiveCfg = Release|Any CPU
		{DB68743B-B68D-42B3-A7AF-D0FEF868003E}.Release|Any CPU.Build.0 = Release|Any CPU
		{D91DA58C-6415-43EF-B177-7BA28ACE7E01}.Debug|Any CPU.ActiveCfg = Debug|Any CPU
		{D91DA58C-6415-43EF-B177-7BA28ACE7E01}.Debug|Any CPU.Build.0 = Debug|Any CPU
		{D91DA58C-6415-43EF-B177-7BA28ACE7E01}.Release|Any CPU.ActiveCfg = Release|Any CPU
		{D91DA58C-6415-43EF-B177-7BA28ACE7E01}.Release|Any CPU.Build.0 = Release|Any CPU
		{E5447105-2481-44BD-835E-2C5071D7A23D}.Debug|Any CPU.ActiveCfg = Debug|Any CPU
		{E5447105-2481-44BD-835E-2C5071D7A23D}.Debug|Any CPU.Build.0 = Debug|Any CPU
		{E5447105-2481-44BD-835E-2C5071D7A23D}.Release|Any CPU.ActiveCfg = Release|Any CPU
		{E5447105-2481-44BD-835E-2C5071D7A23D}.Release|Any CPU.Build.0 = Release|Any CPU
		{8554F018-9DD0-4D3D-A66E-39C1935931A4}.Debug|Any CPU.ActiveCfg = Debug|Any CPU
		{8554F018-9DD0-4D3D-A66E-39C1935931A4}.Debug|Any CPU.Build.0 = Debug|Any CPU
		{8554F018-9DD0-4D3D-A66E-39C1935931A4}.Release|Any CPU.ActiveCfg = Release|Any CPU
		{8554F018-9DD0-4D3D-A66E-39C1935931A4}.Release|Any CPU.Build.0 = Release|Any CPU
		{E648E10A-E067-4ED3-AAB5-99C7DC589437}.Debug|Any CPU.ActiveCfg = Debug|Any CPU
		{E648E10A-E067-4ED3-AAB5-99C7DC589437}.Debug|Any CPU.Build.0 = Debug|Any CPU
		{E648E10A-E067-4ED3-AAB5-99C7DC589437}.Release|Any CPU.ActiveCfg = Release|Any CPU
		{E648E10A-E067-4ED3-AAB5-99C7DC589437}.Release|Any CPU.Build.0 = Release|Any CPU
		{D73AD757-AAAB-4941-B0F9-698A990DF6C3}.Debug|Any CPU.ActiveCfg = Debug|Any CPU
		{D73AD757-AAAB-4941-B0F9-698A990DF6C3}.Debug|Any CPU.Build.0 = Debug|Any CPU
		{D73AD757-AAAB-4941-B0F9-698A990DF6C3}.Release|Any CPU.ActiveCfg = Release|Any CPU
		{D73AD757-AAAB-4941-B0F9-698A990DF6C3}.Release|Any CPU.Build.0 = Release|Any CPU
		{EF9766A5-0C6D-425F-BE2D-3CD51A6720D2}.Debug|Any CPU.ActiveCfg = Debug|Any CPU
		{EF9766A5-0C6D-425F-BE2D-3CD51A6720D2}.Debug|Any CPU.Build.0 = Debug|Any CPU
		{EF9766A5-0C6D-425F-BE2D-3CD51A6720D2}.Release|Any CPU.ActiveCfg = Release|Any CPU
		{EF9766A5-0C6D-425F-BE2D-3CD51A6720D2}.Release|Any CPU.Build.0 = Release|Any CPU
		{4AB4E2BF-2216-43DF-865E-3E3E3B8B37C9}.Debug|Any CPU.ActiveCfg = Debug|Any CPU
		{4AB4E2BF-2216-43DF-865E-3E3E3B8B37C9}.Debug|Any CPU.Build.0 = Debug|Any CPU
		{4AB4E2BF-2216-43DF-865E-3E3E3B8B37C9}.Release|Any CPU.ActiveCfg = Release|Any CPU
		{4AB4E2BF-2216-43DF-865E-3E3E3B8B37C9}.Release|Any CPU.Build.0 = Release|Any CPU
		{469CD424-9DB1-4AAC-9A30-F1565DC27932}.Debug|Any CPU.ActiveCfg = Debug|Any CPU
		{469CD424-9DB1-4AAC-9A30-F1565DC27932}.Debug|Any CPU.Build.0 = Debug|Any CPU
		{469CD424-9DB1-4AAC-9A30-F1565DC27932}.Release|Any CPU.ActiveCfg = Release|Any CPU
		{469CD424-9DB1-4AAC-9A30-F1565DC27932}.Release|Any CPU.Build.0 = Release|Any CPU
		{5722AFB2-CFC2-4832-B6CF-5C89719184EC}.Debug|Any CPU.ActiveCfg = Debug|Any CPU
		{5722AFB2-CFC2-4832-B6CF-5C89719184EC}.Debug|Any CPU.Build.0 = Debug|Any CPU
		{5722AFB2-CFC2-4832-B6CF-5C89719184EC}.Release|Any CPU.ActiveCfg = Release|Any CPU
		{5722AFB2-CFC2-4832-B6CF-5C89719184EC}.Release|Any CPU.Build.0 = Release|Any CPU
		{EB847339-4E66-4CF9-97E4-4F63B01DDED4}.Debug|Any CPU.ActiveCfg = Debug|Any CPU
		{EB847339-4E66-4CF9-97E4-4F63B01DDED4}.Debug|Any CPU.Build.0 = Debug|Any CPU
		{EB847339-4E66-4CF9-97E4-4F63B01DDED4}.Release|Any CPU.ActiveCfg = Release|Any CPU
		{EB847339-4E66-4CF9-97E4-4F63B01DDED4}.Release|Any CPU.Build.0 = Release|Any CPU
		{2561A23A-EE2E-4861-9607-787AFDE5BB2C}.Debug|Any CPU.ActiveCfg = Debug|Any CPU
		{2561A23A-EE2E-4861-9607-787AFDE5BB2C}.Debug|Any CPU.Build.0 = Debug|Any CPU
		{2561A23A-EE2E-4861-9607-787AFDE5BB2C}.Release|Any CPU.ActiveCfg = Release|Any CPU
		{2561A23A-EE2E-4861-9607-787AFDE5BB2C}.Release|Any CPU.Build.0 = Release|Any CPU
		{9AEF0631-402E-40CC-B077-CF7B325C9F62}.Debug|Any CPU.ActiveCfg = Debug|Any CPU
		{9AEF0631-402E-40CC-B077-CF7B325C9F62}.Debug|Any CPU.Build.0 = Debug|Any CPU
		{9AEF0631-402E-40CC-B077-CF7B325C9F62}.Release|Any CPU.ActiveCfg = Release|Any CPU
		{9AEF0631-402E-40CC-B077-CF7B325C9F62}.Release|Any CPU.Build.0 = Release|Any CPU
		{952DAB91-37DC-407D-B9B5-A9824989D622}.Debug|Any CPU.ActiveCfg = Debug|Any CPU
		{952DAB91-37DC-407D-B9B5-A9824989D622}.Debug|Any CPU.Build.0 = Debug|Any CPU
		{952DAB91-37DC-407D-B9B5-A9824989D622}.Release|Any CPU.ActiveCfg = Release|Any CPU
		{952DAB91-37DC-407D-B9B5-A9824989D622}.Release|Any CPU.Build.0 = Release|Any CPU
	EndGlobalSection
	GlobalSection(SolutionProperties) = preSolution
		HideSolutionNode = FALSE
	EndGlobalSection
	GlobalSection(NestedProjects) = preSolution
		{DB68743B-B68D-42B3-A7AF-D0FEF868003E} = {9D8C5AD1-8D02-4E45-9783-AD694B3BAB2F}
		{D91DA58C-6415-43EF-B177-7BA28ACE7E01} = {9D8C5AD1-8D02-4E45-9783-AD694B3BAB2F}
		{93B38887-18C2-4895-A8FD-D33B95D538D7} = {9D8C5AD1-8D02-4E45-9783-AD694B3BAB2F}
		{E5447105-2481-44BD-835E-2C5071D7A23D} = {93B38887-18C2-4895-A8FD-D33B95D538D7}
		{8554F018-9DD0-4D3D-A66E-39C1935931A4} = {93B38887-18C2-4895-A8FD-D33B95D538D7}
		{E648E10A-E067-4ED3-AAB5-99C7DC589437} = {93B38887-18C2-4895-A8FD-D33B95D538D7}
		{D73AD757-AAAB-4941-B0F9-698A990DF6C3} = {9D8C5AD1-8D02-4E45-9783-AD694B3BAB2F}
		{EF9766A5-0C6D-425F-BE2D-3CD51A6720D2} = {2CD38DE1-D147-4D89-B9A3-7A2121B8FCF8}
		{4AB4E2BF-2216-43DF-865E-3E3E3B8B37C9} = {2CD38DE1-D147-4D89-B9A3-7A2121B8FCF8}
		{469CD424-9DB1-4AAC-9A30-F1565DC27932} = {93B38887-18C2-4895-A8FD-D33B95D538D7}
		{5722AFB2-CFC2-4832-B6CF-5C89719184EC} = {9D8C5AD1-8D02-4E45-9783-AD694B3BAB2F}
		{EB847339-4E66-4CF9-97E4-4F63B01DDED4} = {9D8C5AD1-8D02-4E45-9783-AD694B3BAB2F}
		{2561A23A-EE2E-4861-9607-787AFDE5BB2C} = {93B38887-18C2-4895-A8FD-D33B95D538D7}
		{9AEF0631-402E-40CC-B077-CF7B325C9F62} = {9D8C5AD1-8D02-4E45-9783-AD694B3BAB2F}
		{952DAB91-37DC-407D-B9B5-A9824989D622} = {2CD38DE1-D147-4D89-B9A3-7A2121B8FCF8}
	EndGlobalSection
	GlobalSection(ExtensibilityGlobals) = postSolution
		SolutionGuid = {0C6AD8E8-9745-4BBC-928D-B3CC9DDD774A}
	EndGlobalSection
EndGlobal
