
Microsoft Visual Studio Solution File, Format Version 12.00
# Visual Studio Version 16
VisualStudioVersion = 16.0.28803.352
MinimumVisualStudioVersion = 10.0.40219.1
Project("{FAE04EC0-301F-11D3-BF4B-00C04F79EFBC}") = "Visualizations", "Visualizations\Visualizations.csproj", "{E23BDF1F-9880-414C-B458-BEBD1FA30122}"
EndProject
Project("{2150E333-8FDC-42A3-9474-1A3956D46DE8}") = "Lib", "Lib", "{537C220C-259B-4DEE-9556-4B5D3D793A49}"
EndProject
Project("{2150E333-8FDC-42A3-9474-1A3956D46DE8}") = "packages", "packages", "{D90AFDD4-4635-4492-BF85-A923C1FCA7AA}"
EndProject
Project("{2150E333-8FDC-42A3-9474-1A3956D46DE8}") = "LyricsFinder", "LyricsFinder", "{9D8C5AD1-8D02-4E45-9783-AD694B3BAB2F}"
	ProjectSection(SolutionItems) = preProject
		LyricsFinder\SharedAssemblyInfo.cs = LyricsFinder\SharedAssemblyInfo.cs
	EndProjectSection
EndProject
Project("{2150E333-8FDC-42A3-9474-1A3956D46DE8}") = "Installation", "Installation", "{32C1A654-474C-4C1B-AC63-3B8A7ABBCAF9}"
	ProjectSection(SolutionItems) = preProject
		LyricsFinder\Installation\Plugin Installation Script.iss = LyricsFinder\Installation\Plugin Installation Script.iss
		LyricsFinder\Installation\Standalone Installation Script.iss = LyricsFinder\Installation\Standalone Installation Script.iss
	EndProjectSection
EndProject
Project("{2150E333-8FDC-42A3-9474-1A3956D46DE8}") = "Output", "Output", "{BB92B9CB-78BD-4F48-9FC0-25F7A957F64D}"
EndProject
Project("{FAE04EC0-301F-11D3-BF4B-00C04F79EFBC}") = "LyricsFinderExe", "LyricsFinder\LyricsFinderExe\LyricsFinderExe.csproj", "{DB68743B-B68D-42B3-A7AF-D0FEF868003E}"
	ProjectSection(ProjectDependencies) = postProject
		{E5447105-2481-44BD-835E-2C5071D7A23D} = {E5447105-2481-44BD-835E-2C5071D7A23D}
		{E648E10A-E067-4ED3-AAB5-99C7DC589437} = {E648E10A-E067-4ED3-AAB5-99C7DC589437}
		{8554F018-9DD0-4D3D-A66E-39C1935931A4} = {8554F018-9DD0-4D3D-A66E-39C1935931A4}
		{EF9766A5-0C6D-425F-BE2D-3CD51A6720D2} = {EF9766A5-0C6D-425F-BE2D-3CD51A6720D2}
		{8882ABBD-3D8C-43F7-A591-4B03BEB4D33D} = {8882ABBD-3D8C-43F7-A591-4B03BEB4D33D}
		{4AB4E2BF-2216-43DF-865E-3E3E3B8B37C9} = {4AB4E2BF-2216-43DF-865E-3E3E3B8B37C9}
		{18FFF5D4-153F-499A-999C-52DAF742EDF4} = {18FFF5D4-153F-499A-999C-52DAF742EDF4}
	EndProjectSection
EndProject
Project("{FAE04EC0-301F-11D3-BF4B-00C04F79EFBC}") = "LyricsFinderCore", "LyricsFinder\LyricsFinderCore\LyricsFinderCore.csproj", "{D91DA58C-6415-43EF-B177-7BA28ACE7E01}"
	ProjectSection(ProjectDependencies) = postProject
		{4AB4E2BF-2216-43DF-865E-3E3E3B8B37C9} = {4AB4E2BF-2216-43DF-865E-3E3E3B8B37C9}
	EndProjectSection
EndProject
Project("{2150E333-8FDC-42A3-9474-1A3956D46DE8}") = "Solution Items", "Solution Items", "{5E29EDE2-3B7A-4900-BE0C-ABF3FF62736F}"
	ProjectSection(SolutionItems) = preProject
		.gitignore = .gitignore
		ReadMe.txt = ReadMe.txt
	EndProjectSection
EndProject
Project("{2150E333-8FDC-42A3-9474-1A3956D46DE8}") = "SharedComponents", "SharedComponents", "{CA83D225-0385-4F41-89F8-40C241A34E4E}"
EndProject
Project("{2150E333-8FDC-42A3-9474-1A3956D46DE8}") = "Build", "Build", "{BD708F30-CEF7-4E5F-A1DF-8E0B583CB09F}"
EndProject
Project("{2150E333-8FDC-42A3-9474-1A3956D46DE8}") = "LyricServices", "LyricServices", "{0AC7251C-BC72-43D0-AE83-2D31B7ADA90E}"
	ProjectSection(SolutionItems) = preProject
		LyricsFinder\LyricServices\PostBuild.cmd = LyricsFinder\LyricServices\PostBuild.cmd
	EndProjectSection
EndProject
Project("{FAE04EC0-301F-11D3-BF4B-00C04F79EFBC}") = "Stands4Service", "LyricsFinder\LyricServices\Stands4Service\Stands4Service.csproj", "{E648E10A-E067-4ED3-AAB5-99C7DC589437}"
EndProject
Project("{2150E333-8FDC-42A3-9474-1A3956D46DE8}") = "Documentation", "Documentation", "{220577E8-650B-47CE-A642-FA01D3919A00}"
	ProjectSection(SolutionItems) = preProject
		LyricsFinder\ReadMe - Developer.txt = LyricsFinder\ReadMe - Developer.txt
		LyricsFinder\ReadMe.txt = LyricsFinder\ReadMe.txt
		LyricsFinder\Documentation\ReleaseNotes.html = LyricsFinder\Documentation\ReleaseNotes.html
	EndProjectSection
EndProject
Project("{2150E333-8FDC-42A3-9474-1A3956D46DE8}") = "Web Service Connection - JRiverWiki_files", "Web Service Connection - JRiverWiki_files", "{B55FC127-0DC0-40A2-98FC-ABAC808CA8BB}"
	ProjectSection(SolutionItems) = preProject
		LyricsFinder\Documentation\JRiver MediaCenter\Web Service Connection - JRiverWiki_files\load.css = LyricsFinder\Documentation\JRiver MediaCenter\Web Service Connection - JRiverWiki_files\load.css
		LyricsFinder\Documentation\JRiver MediaCenter\Web Service Connection - JRiverWiki_files\load.php = LyricsFinder\Documentation\JRiver MediaCenter\Web Service Connection - JRiverWiki_files\load.php
		LyricsFinder\Documentation\JRiver MediaCenter\Web Service Connection - JRiverWiki_files\load_002.css = LyricsFinder\Documentation\JRiver MediaCenter\Web Service Connection - JRiverWiki_files\load_002.css
		LyricsFinder\Documentation\JRiver MediaCenter\Web Service Connection - JRiverWiki_files\load_002.php = LyricsFinder\Documentation\JRiver MediaCenter\Web Service Connection - JRiverWiki_files\load_002.php
		LyricsFinder\Documentation\JRiver MediaCenter\Web Service Connection - JRiverWiki_files\poweredby_mediawiki_88x31.png = LyricsFinder\Documentation\JRiver MediaCenter\Web Service Connection - JRiverWiki_files\poweredby_mediawiki_88x31.png
	EndProjectSection
EndProject
Project("{2150E333-8FDC-42A3-9474-1A3956D46DE8}") = "Web Service Interface - JRiverWiki_files", "Web Service Interface - JRiverWiki_files", "{34E4541E-ABA9-4D00-8A2D-BE8443460BFD}"
	ProjectSection(SolutionItems) = preProject
		LyricsFinder\Documentation\JRiver MediaCenter\Web Service Interface - JRiverWiki_files\load.css = LyricsFinder\Documentation\JRiver MediaCenter\Web Service Interface - JRiverWiki_files\load.css
		LyricsFinder\Documentation\JRiver MediaCenter\Web Service Interface - JRiverWiki_files\load.php = LyricsFinder\Documentation\JRiver MediaCenter\Web Service Interface - JRiverWiki_files\load.php
		LyricsFinder\Documentation\JRiver MediaCenter\Web Service Interface - JRiverWiki_files\load_002.css = LyricsFinder\Documentation\JRiver MediaCenter\Web Service Interface - JRiverWiki_files\load_002.css
		LyricsFinder\Documentation\JRiver MediaCenter\Web Service Interface - JRiverWiki_files\load_002.php = LyricsFinder\Documentation\JRiver MediaCenter\Web Service Interface - JRiverWiki_files\load_002.php
		LyricsFinder\Documentation\JRiver MediaCenter\Web Service Interface - JRiverWiki_files\poweredby_mediawiki_88x31.png = LyricsFinder\Documentation\JRiver MediaCenter\Web Service Interface - JRiverWiki_files\poweredby_mediawiki_88x31.png
	EndProjectSection
EndProject
Project("{2150E333-8FDC-42A3-9474-1A3956D46DE8}") = "JRiver MediaCenter", "JRiver MediaCenter", "{8B35A66F-D566-465E-9032-BA72579349B6}"
	ProjectSection(SolutionItems) = preProject
		LyricsFinder\Documentation\JRiver MediaCenter\MCWS.html = LyricsFinder\Documentation\JRiver MediaCenter\MCWS.html
		LyricsFinder\Documentation\JRiver MediaCenter\Web Service Connection - JRiverWiki.html = LyricsFinder\Documentation\JRiver MediaCenter\Web Service Connection - JRiverWiki.html
		LyricsFinder\Documentation\JRiver MediaCenter\Web Service Interface - JRiverWiki.html = LyricsFinder\Documentation\JRiver MediaCenter\Web Service Interface - JRiverWiki.html
	EndProjectSection
EndProject
Project("{FAE04EC0-301F-11D3-BF4B-00C04F79EFBC}") = "MessageInspection", "SharedComponents\MessageInspection\MessageInspection.csproj", "{4AB4E2BF-2216-43DF-865E-3E3E3B8B37C9}"
EndProject
Project("{FAE04EC0-301F-11D3-BF4B-00C04F79EFBC}") = "Utility", "SharedComponents\Utility\Utility.csproj", "{EF9766A5-0C6D-425F-BE2D-3CD51A6720D2}"
EndProject
Project("{FAE04EC0-301F-11D3-BF4B-00C04F79EFBC}") = "LyricsFinderPlugin", "LyricsFinder\LyricsFinderPlugin\LyricsFinderPlugin.csproj", "{D73AD757-AAAB-4941-B0F9-698A990DF6C3}"
	ProjectSection(ProjectDependencies) = postProject
		{E5447105-2481-44BD-835E-2C5071D7A23D} = {E5447105-2481-44BD-835E-2C5071D7A23D}
		{E648E10A-E067-4ED3-AAB5-99C7DC589437} = {E648E10A-E067-4ED3-AAB5-99C7DC589437}
		{8554F018-9DD0-4D3D-A66E-39C1935931A4} = {8554F018-9DD0-4D3D-A66E-39C1935931A4}
		{EF9766A5-0C6D-425F-BE2D-3CD51A6720D2} = {EF9766A5-0C6D-425F-BE2D-3CD51A6720D2}
		{8882ABBD-3D8C-43F7-A591-4B03BEB4D33D} = {8882ABBD-3D8C-43F7-A591-4B03BEB4D33D}
		{18FFF5D4-153F-499A-999C-52DAF742EDF4} = {18FFF5D4-153F-499A-999C-52DAF742EDF4}
	EndProjectSection
EndProject
Project("{FAE04EC0-301F-11D3-BF4B-00C04F79EFBC}") = "ChartLyricsService", "LyricsFinder\LyricServices\ChartLyricsService\ChartLyricsService.csproj", "{E5447105-2481-44BD-835E-2C5071D7A23D}"
EndProject
Project("{FAE04EC0-301F-11D3-BF4B-00C04F79EFBC}") = "LyricWikiService", "LyricsFinder\LyricServices\LyricWikiService\LyricWikiService.csproj", "{18FFF5D4-153F-499A-999C-52DAF742EDF4}"
EndProject
Project("{FAE04EC0-301F-11D3-BF4B-00C04F79EFBC}") = "MusiXmatchService", "LyricsFinder\LyricServices\MusiXmatchService\MusiXmatchService.csproj", "{8554F018-9DD0-4D3D-A66E-39C1935931A4}"
EndProject
Project("{FAE04EC0-301F-11D3-BF4B-00C04F79EFBC}") = "MusiXmatchServiceHardolf", "LyricsFinder\LyricServices\MusiXmatchServiceHardolf\MusiXmatchServiceHardolf.csproj", "{8882ABBD-3D8C-43F7-A591-4B03BEB4D33D}"
EndProject
Project("{2150E333-8FDC-42A3-9474-1A3956D46DE8}") = "Images", "Images", "{0091BD82-6FC4-42A3-92CD-FA2413362A28}"
	ProjectSection(SolutionItems) = preProject
		Images\LyricsFinder_Detail.png = Images\LyricsFinder_Detail.png
		Images\LyricsFinder_Main.png = Images\LyricsFinder_Main.png
		Images\MediaCenter_Main.png = Images\MediaCenter_Main.png
	EndProjectSection
EndProject
Global
	GlobalSection(SolutionConfigurationPlatforms) = preSolution
		Debug|Any CPU = Debug|Any CPU
		Release|Any CPU = Release|Any CPU
	EndGlobalSection
	GlobalSection(ProjectConfigurationPlatforms) = postSolution
		{E23BDF1F-9880-414C-B458-BEBD1FA30122}.Debug|Any CPU.ActiveCfg = Debug|Any CPU
		{E23BDF1F-9880-414C-B458-BEBD1FA30122}.Debug|Any CPU.Build.0 = Debug|Any CPU
		{E23BDF1F-9880-414C-B458-BEBD1FA30122}.Release|Any CPU.ActiveCfg = Release|Any CPU
		{E23BDF1F-9880-414C-B458-BEBD1FA30122}.Release|Any CPU.Build.0 = Release|Any CPU
		{DB68743B-B68D-42B3-A7AF-D0FEF868003E}.Debug|Any CPU.ActiveCfg = Debug|Any CPU
		{DB68743B-B68D-42B3-A7AF-D0FEF868003E}.Debug|Any CPU.Build.0 = Debug|Any CPU
		{DB68743B-B68D-42B3-A7AF-D0FEF868003E}.Release|Any CPU.ActiveCfg = Release|Any CPU
		{DB68743B-B68D-42B3-A7AF-D0FEF868003E}.Release|Any CPU.Build.0 = Release|Any CPU
		{D91DA58C-6415-43EF-B177-7BA28ACE7E01}.Debug|Any CPU.ActiveCfg = Debug|Any CPU
		{D91DA58C-6415-43EF-B177-7BA28ACE7E01}.Debug|Any CPU.Build.0 = Debug|Any CPU
		{D91DA58C-6415-43EF-B177-7BA28ACE7E01}.Release|Any CPU.ActiveCfg = Release|Any CPU
		{D91DA58C-6415-43EF-B177-7BA28ACE7E01}.Release|Any CPU.Build.0 = Release|Any CPU
		{E648E10A-E067-4ED3-AAB5-99C7DC589437}.Debug|Any CPU.ActiveCfg = Debug|Any CPU
		{E648E10A-E067-4ED3-AAB5-99C7DC589437}.Debug|Any CPU.Build.0 = Debug|Any CPU
		{E648E10A-E067-4ED3-AAB5-99C7DC589437}.Release|Any CPU.ActiveCfg = Release|Any CPU
		{E648E10A-E067-4ED3-AAB5-99C7DC589437}.Release|Any CPU.Build.0 = Release|Any CPU
		{4AB4E2BF-2216-43DF-865E-3E3E3B8B37C9}.Debug|Any CPU.ActiveCfg = Debug|Any CPU
		{4AB4E2BF-2216-43DF-865E-3E3E3B8B37C9}.Debug|Any CPU.Build.0 = Debug|Any CPU
		{4AB4E2BF-2216-43DF-865E-3E3E3B8B37C9}.Release|Any CPU.ActiveCfg = Release|Any CPU
		{4AB4E2BF-2216-43DF-865E-3E3E3B8B37C9}.Release|Any CPU.Build.0 = Release|Any CPU
		{EF9766A5-0C6D-425F-BE2D-3CD51A6720D2}.Debug|Any CPU.ActiveCfg = Debug|Any CPU
		{EF9766A5-0C6D-425F-BE2D-3CD51A6720D2}.Debug|Any CPU.Build.0 = Debug|Any CPU
		{EF9766A5-0C6D-425F-BE2D-3CD51A6720D2}.Release|Any CPU.ActiveCfg = Release|Any CPU
		{EF9766A5-0C6D-425F-BE2D-3CD51A6720D2}.Release|Any CPU.Build.0 = Release|Any CPU
		{D73AD757-AAAB-4941-B0F9-698A990DF6C3}.Debug|Any CPU.ActiveCfg = Debug|Any CPU
		{D73AD757-AAAB-4941-B0F9-698A990DF6C3}.Debug|Any CPU.Build.0 = Debug|Any CPU
		{D73AD757-AAAB-4941-B0F9-698A990DF6C3}.Release|Any CPU.ActiveCfg = Release|Any CPU
		{D73AD757-AAAB-4941-B0F9-698A990DF6C3}.Release|Any CPU.Build.0 = Release|Any CPU
		{E5447105-2481-44BD-835E-2C5071D7A23D}.Debug|Any CPU.ActiveCfg = Debug|Any CPU
		{E5447105-2481-44BD-835E-2C5071D7A23D}.Debug|Any CPU.Build.0 = Debug|Any CPU
		{E5447105-2481-44BD-835E-2C5071D7A23D}.Release|Any CPU.ActiveCfg = Release|Any CPU
		{E5447105-2481-44BD-835E-2C5071D7A23D}.Release|Any CPU.Build.0 = Release|Any CPU
		{18FFF5D4-153F-499A-999C-52DAF742EDF4}.Debug|Any CPU.ActiveCfg = Debug|Any CPU
		{18FFF5D4-153F-499A-999C-52DAF742EDF4}.Debug|Any CPU.Build.0 = Debug|Any CPU
		{18FFF5D4-153F-499A-999C-52DAF742EDF4}.Release|Any CPU.ActiveCfg = Release|Any CPU
		{18FFF5D4-153F-499A-999C-52DAF742EDF4}.Release|Any CPU.Build.0 = Release|Any CPU
		{8554F018-9DD0-4D3D-A66E-39C1935931A4}.Debug|Any CPU.ActiveCfg = Debug|Any CPU
		{8554F018-9DD0-4D3D-A66E-39C1935931A4}.Debug|Any CPU.Build.0 = Debug|Any CPU
		{8554F018-9DD0-4D3D-A66E-39C1935931A4}.Release|Any CPU.ActiveCfg = Release|Any CPU
		{8554F018-9DD0-4D3D-A66E-39C1935931A4}.Release|Any CPU.Build.0 = Release|Any CPU
		{8882ABBD-3D8C-43F7-A591-4B03BEB4D33D}.Debug|Any CPU.ActiveCfg = Debug|Any CPU
		{8882ABBD-3D8C-43F7-A591-4B03BEB4D33D}.Debug|Any CPU.Build.0 = Debug|Any CPU
		{8882ABBD-3D8C-43F7-A591-4B03BEB4D33D}.Release|Any CPU.ActiveCfg = Release|Any CPU
		{8882ABBD-3D8C-43F7-A591-4B03BEB4D33D}.Release|Any CPU.Build.0 = Release|Any CPU
	EndGlobalSection
	GlobalSection(SolutionProperties) = preSolution
		HideSolutionNode = FALSE
	EndGlobalSection
	GlobalSection(NestedProjects) = preSolution
		{32C1A654-474C-4C1B-AC63-3B8A7ABBCAF9} = {9D8C5AD1-8D02-4E45-9783-AD694B3BAB2F}
		{BB92B9CB-78BD-4F48-9FC0-25F7A957F64D} = {32C1A654-474C-4C1B-AC63-3B8A7ABBCAF9}
		{DB68743B-B68D-42B3-A7AF-D0FEF868003E} = {9D8C5AD1-8D02-4E45-9783-AD694B3BAB2F}
		{D91DA58C-6415-43EF-B177-7BA28ACE7E01} = {9D8C5AD1-8D02-4E45-9783-AD694B3BAB2F}
		{BD708F30-CEF7-4E5F-A1DF-8E0B583CB09F} = {32C1A654-474C-4C1B-AC63-3B8A7ABBCAF9}
		{0AC7251C-BC72-43D0-AE83-2D31B7ADA90E} = {9D8C5AD1-8D02-4E45-9783-AD694B3BAB2F}
		{E648E10A-E067-4ED3-AAB5-99C7DC589437} = {0AC7251C-BC72-43D0-AE83-2D31B7ADA90E}
		{220577E8-650B-47CE-A642-FA01D3919A00} = {9D8C5AD1-8D02-4E45-9783-AD694B3BAB2F}
		{B55FC127-0DC0-40A2-98FC-ABAC808CA8BB} = {8B35A66F-D566-465E-9032-BA72579349B6}
		{34E4541E-ABA9-4D00-8A2D-BE8443460BFD} = {8B35A66F-D566-465E-9032-BA72579349B6}
		{8B35A66F-D566-465E-9032-BA72579349B6} = {220577E8-650B-47CE-A642-FA01D3919A00}
		{4AB4E2BF-2216-43DF-865E-3E3E3B8B37C9} = {CA83D225-0385-4F41-89F8-40C241A34E4E}
		{EF9766A5-0C6D-425F-BE2D-3CD51A6720D2} = {CA83D225-0385-4F41-89F8-40C241A34E4E}
		{D73AD757-AAAB-4941-B0F9-698A990DF6C3} = {9D8C5AD1-8D02-4E45-9783-AD694B3BAB2F}
		{E5447105-2481-44BD-835E-2C5071D7A23D} = {0AC7251C-BC72-43D0-AE83-2D31B7ADA90E}
		{18FFF5D4-153F-499A-999C-52DAF742EDF4} = {0AC7251C-BC72-43D0-AE83-2D31B7ADA90E}
		{8554F018-9DD0-4D3D-A66E-39C1935931A4} = {0AC7251C-BC72-43D0-AE83-2D31B7ADA90E}
		{8882ABBD-3D8C-43F7-A591-4B03BEB4D33D} = {0AC7251C-BC72-43D0-AE83-2D31B7ADA90E}
	EndGlobalSection
	GlobalSection(ExtensibilityGlobals) = postSolution
		SolutionGuid = {0C6AD8E8-9745-4BBC-928D-B3CC9DDD774A}
	EndGlobalSection
EndGlobal
