Microsoft Visual Studio Solution File, Format Version 12.00
# Visual Studio 15
VisualStudioVersion = 15.0.27428.2027
MinimumVisualStudioVersion = 10.0.40219.1
Project("{8BC9CEB8-8B4A-11D0-8D11-00A0C91BC942}") = "RAW", "RAW.vcxproj", "{47908D77-E2C6-4DD2-8FDE-A7510F0B5ECA}"
EndProject
Global
	GlobalSection(SolutionConfigurationPlatforms) = preSolution
		Debug|x86 = Debug|x86
		Release|x86 = Release|x86
	EndGlobalSection
	GlobalSection(ProjectConfigurationPlatforms) = postSolution
		{47908D77-E2C6-4DD2-8FDE-A7510F0B5ECA}.Debug|x86.ActiveCfg = Debug|Win32
		{47908D77-E2C6-4DD2-8FDE-A7510F0B5ECA}.Debug|x86.Build.0 = Debug|Win32
		{47908D77-E2C6-4DD2-8FDE-A7510F0B5ECA}.Release|x86.ActiveCfg = Release|Win32
		{47908D77-E2C6-4DD2-8FDE-A7510F0B5ECA}.Release|x86.Build.0 = Release|Win32
	EndGlobalSection
	GlobalSection(SolutionProperties) = preSolution
		HideSolutionNode = FALSE
	EndGlobalSection
	GlobalSection(ExtensibilityGlobals) = postSolution
		SolutionGuid = {6EC89DD4-2CAD-4386-B33C-AC42BB154F35}
	EndGlobalSection
EndGlobal
